
Microsoft Visual Studio Solution File, Format Version 12.00
# Visual Studio 15
VisualStudioVersion = 15.0.26124.0
MinimumVisualStudioVersion = 15.0.26124.0
Project("{2150E333-8FDC-42A3-9474-1A3956D46DE8}") = "src", "src", "{F4F7A2EB-4D6E-4960-AA98-AF7B995E571B}"
EndProject
Project("{FAE04EC0-301F-11D3-BF4B-00C04F79EFBC}") = "PublisherApp", "src\PublisherApp\PublisherApp.csproj", "{79EBCE1A-8D79-4003-BDAB-36718A417814}"
EndProject
Global
	GlobalSection(SolutionConfigurationPlatforms) = preSolution
		Debug|Any CPU = Debug|Any CPU
		Debug|x64 = Debug|x64
		Debug|x86 = Debug|x86
		Release|Any CPU = Release|Any CPU
		Release|x64 = Release|x64
		Release|x86 = Release|x86
	EndGlobalSection
	GlobalSection(SolutionProperties) = preSolution
		HideSolutionNode = FALSE
	EndGlobalSection
	GlobalSection(ProjectConfigurationPlatforms) = postSolution
		{79EBCE1A-8D79-4003-BDAB-36718A417814}.Debug|Any CPU.ActiveCfg = Debug|Any CPU
		{79EBCE1A-8D79-4003-BDAB-36718A417814}.Debug|Any CPU.Build.0 = Debug|Any CPU
		{79EBCE1A-8D79-4003-BDAB-36718A417814}.Debug|x64.ActiveCfg = Debug|Any CPU
		{79EBCE1A-8D79-4003-BDAB-36718A417814}.Debug|x64.Build.0 = Debug|Any CPU
		{79EBCE1A-8D79-4003-BDAB-36718A417814}.Debug|x86.ActiveCfg = Debug|Any CPU
		{79EBCE1A-8D79-4003-BDAB-36718A417814}.Debug|x86.Build.0 = Debug|Any CPU
		{79EBCE1A-8D79-4003-BDAB-36718A417814}.Release|Any CPU.ActiveCfg = Release|Any CPU
		{79EBCE1A-8D79-4003-BDAB-36718A417814}.Release|Any CPU.Build.0 = Release|Any CPU
		{79EBCE1A-8D79-4003-BDAB-36718A417814}.Release|x64.ActiveCfg = Release|Any CPU
		{79EBCE1A-8D79-4003-BDAB-36718A417814}.Release|x64.Build.0 = Release|Any CPU
		{79EBCE1A-8D79-4003-BDAB-36718A417814}.Release|x86.ActiveCfg = Release|Any CPU
		{79EBCE1A-8D79-4003-BDAB-36718A417814}.Release|x86.Build.0 = Release|Any CPU
	EndGlobalSection
	GlobalSection(NestedProjects) = preSolution
		{79EBCE1A-8D79-4003-BDAB-36718A417814} = {F4F7A2EB-4D6E-4960-AA98-AF7B995E571B}
	EndGlobalSection
EndGlobal
